
Microsoft Visual Studio Solution File, Format Version 12.00
# Visual Studio Version 17
VisualStudioVersion = 17.14.36221.1 d17.14
MinimumVisualStudioVersion = 10.0.40219.1
Project("{FAE04EC0-301F-11D3-BF4B-00C04F79EFBC}") = "NewsWebsite", "NewsWebsite\NewsWebsite.csproj", "{210DDB75-809F-44CB-83B2-2184FED509B3}"
EndProject
Global
	GlobalSection(SolutionConfigurationPlatforms) = preSolution
		Debug|Any CPU = Debug|Any CPU
		Release|Any CPU = Release|Any CPU
	EndGlobalSection
	GlobalSection(ProjectConfigurationPlatforms) = postSolution
		{210DDB75-809F-44CB-83B2-2184FED509B3}.Debug|Any CPU.ActiveCfg = Debug|Any CPU
		{210DDB75-809F-44CB-83B2-2184FED509B3}.Debug|Any CPU.Build.0 = Debug|Any CPU
		{210DDB75-809F-44CB-83B2-2184FED509B3}.Release|Any CPU.ActiveCfg = Release|Any CPU
		{210DDB75-809F-44CB-83B2-2184FED509B3}.Release|Any CPU.Build.0 = Release|Any CPU
	EndGlobalSection
	GlobalSection(SolutionProperties) = preSolution
		HideSolutionNode = FALSE
	EndGlobalSection
	GlobalSection(ExtensibilityGlobals) = postSolution
		SolutionGuid = {518A9A1B-0CAE-4C35-AD11-B6F1C4A94597}
	EndGlobalSection
EndGlobal
